// !$*UTF8*$!
{
	archiveVersion = 1;
	classes = {
	};
	objectVersion = 48;
	objects = {

/* Begin PBXBuildFile section */
		A2E9E41620245E59009537FE /* AppDelegate.swift in Sources */ = {isa = PBXBuildFile; fileRef = A2E9E41520245E59009537FE /* AppDelegate.swift */; };
		A2E9E41820245E59009537FE /* art.scnassets in Resources */ = {isa = PBXBuildFile; fileRef = A2E9E41720245E59009537FE /* art.scnassets */; };
		A2E9E41A20245E59009537FE /* ViewController.swift in Sources */ = {isa = PBXBuildFile; fileRef = A2E9E41920245E59009537FE /* ViewController.swift */; };
		A2E9E41D20245E59009537FE /* Main.storyboard in Resources */ = {isa = PBXBuildFile; fileRef = A2E9E41B20245E59009537FE /* Main.storyboard */; };
		A2E9E41F20245E59009537FE /* Assets.xcassets in Resources */ = {isa = PBXBuildFile; fileRef = A2E9E41E20245E59009537FE /* Assets.xcassets */; };
		A2E9E42220245E59009537FE /* LaunchScreen.storyboard in Resources */ = {isa = PBXBuildFile; fileRef = A2E9E42020245E59009537FE /* LaunchScreen.storyboard */; };
		A2E9E42D20245E59009537FE /* PlanetsTests.swift in Sources */ = {isa = PBXBuildFile; fileRef = A2E9E42C20245E59009537FE /* PlanetsTests.swift */; };
		A2E9E43820245E59009537FE /* PlanetsUITests.swift in Sources */ = {isa = PBXBuildFile; fileRef = A2E9E43720245E59009537FE /* PlanetsUITests.swift */; };
/* End PBXBuildFile section */

/* Begin PBXContainerItemProxy section */
		A2E9E42920245E59009537FE /* PBXContainerItemProxy */ = {
			isa = PBXContainerItemProxy;
			containerPortal = A2E9E40A20245E59009537FE /* Project object */;
			proxyType = 1;
			remoteGlobalIDString = A2E9E41120245E59009537FE;
			remoteInfo = Planets;
		};
		A2E9E43420245E59009537FE /* PBXContainerItemProxy */ = {
			isa = PBXContainerItemProxy;
			containerPortal = A2E9E40A20245E59009537FE /* Project object */;
			proxyType = 1;
			remoteGlobalIDString = A2E9E41120245E59009537FE;
			remoteInfo = Planets;
		};
/* End PBXContainerItemProxy section */

/* Begin PBXFileReference section */
		A2E9E41220245E59009537FE /* Planets.app */ = {isa = PBXFileReference; explicitFileType = wrapper.application; includeInIndex = 0; path = Planets.app; sourceTree = BUILT_PRODUCTS_DIR; };
		A2E9E41520245E59009537FE /* AppDelegate.swift */ = {isa = PBXFileReference; lastKnownFileType = sourcecode.swift; path = AppDelegate.swift; sourceTree = "<group>"; };
		A2E9E41720245E59009537FE /* art.scnassets */ = {isa = PBXFileReference; lastKnownFileType = wrapper.scnassets; path = art.scnassets; sourceTree = "<group>"; };
		A2E9E41920245E59009537FE /* ViewController.swift */ = {isa = PBXFileReference; lastKnownFileType = sourcecode.swift; path = ViewController.swift; sourceTree = "<group>"; };
		A2E9E41C20245E59009537FE /* Base */ = {isa = PBXFileReference; lastKnownFileType = file.storyboard; name = Base; path = Base.lproj/Main.storyboard; sourceTree = "<group>"; };
		A2E9E41E20245E59009537FE /* Assets.xcassets */ = {isa = PBXFileReference; lastKnownFileType = folder.assetcatalog; path = Assets.xcassets; sourceTree = "<group>"; };
		A2E9E42120245E59009537FE /* Base */ = {isa = PBXFileReference; lastKnownFileType = file.storyboard; name = Base; path = Base.lproj/LaunchScreen.storyboard; sourceTree = "<group>"; };
		A2E9E42320245E59009537FE /* Info.plist */ = {isa = PBXFileReference; lastKnownFileType = text.plist.xml; path = Info.plist; sourceTree = "<group>"; };
		A2E9E42820245E59009537FE /* PlanetsTests.xctest */ = {isa = PBXFileReference; explicitFileType = wrapper.cfbundle; includeInIndex = 0; path = PlanetsTests.xctest; sourceTree = BUILT_PRODUCTS_DIR; };
		A2E9E42C20245E59009537FE /* PlanetsTests.swift */ = {isa = PBXFileReference; lastKnownFileType = sourcecode.swift; path = PlanetsTests.swift; sourceTree = "<group>"; };
		A2E9E42E20245E59009537FE /* Info.plist */ = {isa = PBXFileReference; lastKnownFileType = text.plist.xml; path = Info.plist; sourceTree = "<group>"; };
		A2E9E43320245E59009537FE /* PlanetsUITests.xctest */ = {isa = PBXFileReference; explicitFileType = wrapper.cfbundle; includeInIndex = 0; path = PlanetsUITests.xctest; sourceTree = BUILT_PRODUCTS_DIR; };
		A2E9E43720245E59009537FE /* PlanetsUITests.swift */ = {isa = PBXFileReference; lastKnownFileType = sourcecode.swift; path = PlanetsUITests.swift; sourceTree = "<group>"; };
		A2E9E43920245E59009537FE /* Info.plist */ = {isa = PBXFileReference; lastKnownFileType = text.plist.xml; path = Info.plist; sourceTree = "<group>"; };
/* End PBXFileReference section */

/* Begin PBXFrameworksBuildPhase section */
		A2E9E40F20245E59009537FE /* Frameworks */ = {
			isa = PBXFrameworksBuildPhase;
			buildActionMask = 2147483647;
			files = (
			);
			runOnlyForDeploymentPostprocessing = 0;
		};
		A2E9E42520245E59009537FE /* Frameworks */ = {
			isa = PBXFrameworksBuildPhase;
			buildActionMask = 2147483647;
			files = (
			);
			runOnlyForDeploymentPostprocessing = 0;
		};
		A2E9E43020245E59009537FE /* Frameworks */ = {
			isa = PBXFrameworksBuildPhase;
			buildActionMask = 2147483647;
			files = (
			);
			runOnlyForDeploymentPostprocessing = 0;
		};
/* End PBXFrameworksBuildPhase section */

/* Begin PBXGroup section */
		A2E9E40920245E59009537FE = {
			isa = PBXGroup;
			children = (
				A2E9E41420245E59009537FE /* Planets */,
				A2E9E42B20245E59009537FE /* PlanetsTests */,
				A2E9E43620245E59009537FE /* PlanetsUITests */,
				A2E9E41320245E59009537FE /* Products */,
			);
			sourceTree = "<group>";
		};
		A2E9E41320245E59009537FE /* Products */ = {
			isa = PBXGroup;
			children = (
				A2E9E41220245E59009537FE /* Planets.app */,
				A2E9E42820245E59009537FE /* PlanetsTests.xctest */,
				A2E9E43320245E59009537FE /* PlanetsUITests.xctest */,
			);
			name = Products;
			sourceTree = "<group>";
		};
		A2E9E41420245E59009537FE /* Planets */ = {
			isa = PBXGroup;
			children = (
				A2E9E41520245E59009537FE /* AppDelegate.swift */,
				A2E9E41720245E59009537FE /* art.scnassets */,
				A2E9E41920245E59009537FE /* ViewController.swift */,
				A2E9E41B20245E59009537FE /* Main.storyboard */,
				A2E9E41E20245E59009537FE /* Assets.xcassets */,
				A2E9E42020245E59009537FE /* LaunchScreen.storyboard */,
				A2E9E42320245E59009537FE /* Info.plist */,
			);
			path = Planets;
			sourceTree = "<group>";
		};
		A2E9E42B20245E59009537FE /* PlanetsTests */ = {
			isa = PBXGroup;
			children = (
				A2E9E42C20245E59009537FE /* PlanetsTests.swift */,
				A2E9E42E20245E59009537FE /* Info.plist */,
			);
			path = PlanetsTests;
			sourceTree = "<group>";
		};
		A2E9E43620245E59009537FE /* PlanetsUITests */ = {
			isa = PBXGroup;
			children = (
				A2E9E43720245E59009537FE /* PlanetsUITests.swift */,
				A2E9E43920245E59009537FE /* Info.plist */,
			);
			path = PlanetsUITests;
			sourceTree = "<group>";
		};
/* End PBXGroup section */

/* Begin PBXNativeTarget section */
		A2E9E41120245E59009537FE /* Planets */ = {
			isa = PBXNativeTarget;
			buildConfigurationList = A2E9E43C20245E59009537FE /* Build configuration list for PBXNativeTarget "Planets" */;
			buildPhases = (
				A2E9E40E20245E59009537FE /* Sources */,
				A2E9E40F20245E59009537FE /* Frameworks */,
				A2E9E41020245E59009537FE /* Resources */,
			);
			buildRules = (
			);
			dependencies = (
			);
			name = Planets;
			productName = Planets;
			productReference = A2E9E41220245E59009537FE /* Planets.app */;
			productType = "com.apple.product-type.application";
		};
		A2E9E42720245E59009537FE /* PlanetsTests */ = {
			isa = PBXNativeTarget;
			buildConfigurationList = A2E9E43F20245E59009537FE /* Build configuration list for PBXNativeTarget "PlanetsTests" */;
			buildPhases = (
				A2E9E42420245E59009537FE /* Sources */,
				A2E9E42520245E59009537FE /* Frameworks */,
				A2E9E42620245E59009537FE /* Resources */,
			);
			buildRules = (
			);
			dependencies = (
				A2E9E42A20245E59009537FE /* PBXTargetDependency */,
			);
			name = PlanetsTests;
			productName = PlanetsTests;
			productReference = A2E9E42820245E59009537FE /* PlanetsTests.xctest */;
			productType = "com.apple.product-type.bundle.unit-test";
		};
		A2E9E43220245E59009537FE /* PlanetsUITests */ = {
			isa = PBXNativeTarget;
			buildConfigurationList = A2E9E44220245E59009537FE /* Build configuration list for PBXNativeTarget "PlanetsUITests" */;
			buildPhases = (
				A2E9E42F20245E59009537FE /* Sources */,
				A2E9E43020245E59009537FE /* Frameworks */,
				A2E9E43120245E59009537FE /* Resources */,
			);
			buildRules = (
			);
			dependencies = (
				A2E9E43520245E59009537FE /* PBXTargetDependency */,
			);
			name = PlanetsUITests;
			productName = PlanetsUITests;
			productReference = A2E9E43320245E59009537FE /* PlanetsUITests.xctest */;
			productType = "com.apple.product-type.bundle.ui-testing";
		};
/* End PBXNativeTarget section */

/* Begin PBXProject section */
		A2E9E40A20245E59009537FE /* Project object */ = {
			isa = PBXProject;
			attributes = {
				LastSwiftUpdateCheck = 0920;
				LastUpgradeCheck = 0920;
				ORGANIZATIONNAME = KA32;
				TargetAttributes = {
					A2E9E41120245E59009537FE = {
						CreatedOnToolsVersion = 9.2;
						ProvisioningStyle = Automatic;
					};
					A2E9E42720245E59009537FE = {
						CreatedOnToolsVersion = 9.2;
						ProvisioningStyle = Automatic;
						TestTargetID = A2E9E41120245E59009537FE;
					};
					A2E9E43220245E59009537FE = {
						CreatedOnToolsVersion = 9.2;
						ProvisioningStyle = Automatic;
						TestTargetID = A2E9E41120245E59009537FE;
					};
				};
			};
			buildConfigurationList = A2E9E40D20245E59009537FE /* Build configuration list for PBXProject "Planets" */;
			compatibilityVersion = "Xcode 8.0";
			developmentRegion = en;
			hasScannedForEncodings = 0;
			knownRegions = (
				en,
				Base,
			);
			mainGroup = A2E9E40920245E59009537FE;
			productRefGroup = A2E9E41320245E59009537FE /* Products */;
			projectDirPath = "";
			projectRoot = "";
			targets = (
				A2E9E41120245E59009537FE /* Planets */,
				A2E9E42720245E59009537FE /* PlanetsTests */,
				A2E9E43220245E59009537FE /* PlanetsUITests */,
			);
		};
/* End PBXProject section */

/* Begin PBXResourcesBuildPhase section */
		A2E9E41020245E59009537FE /* Resources */ = {
			isa = PBXResourcesBuildPhase;
			buildActionMask = 2147483647;
			files = (
				A2E9E41820245E59009537FE /* art.scnassets in Resources */,
				A2E9E42220245E59009537FE /* LaunchScreen.storyboard in Resources */,
				A2E9E41F20245E59009537FE /* Assets.xcassets in Resources */,
				A2E9E41D20245E59009537FE /* Main.storyboard in Resources */,
			);
			runOnlyForDeploymentPostprocessing = 0;
		};
		A2E9E42620245E59009537FE /* Resources */ = {
			isa = PBXResourcesBuildPhase;
			buildActionMask = 2147483647;
			files = (
			);
			runOnlyForDeploymentPostprocessing = 0;
		};
		A2E9E43120245E59009537FE /* Resources */ = {
			isa = PBXResourcesBuildPhase;
			buildActionMask = 2147483647;
			files = (
			);
			runOnlyForDeploymentPostprocessing = 0;
		};
/* End PBXResourcesBuildPhase section */

/* Begin PBXSourcesBuildPhase section */
		A2E9E40E20245E59009537FE /* Sources */ = {
			isa = PBXSourcesBuildPhase;
			buildActionMask = 2147483647;
			files = (
				A2E9E41A20245E59009537FE /* ViewController.swift in Sources */,
				A2E9E41620245E59009537FE /* AppDelegate.swift in Sources */,
			);
			runOnlyForDeploymentPostprocessing = 0;
		};
		A2E9E42420245E59009537FE /* Sources */ = {
			isa = PBXSourcesBuildPhase;
			buildActionMask = 2147483647;
			files = (
				A2E9E42D20245E59009537FE /* PlanetsTests.swift in Sources */,
			);
			runOnlyForDeploymentPostprocessing = 0;
		};
		A2E9E42F20245E59009537FE /* Sources */ = {
			isa = PBXSourcesBuildPhase;
			buildActionMask = 2147483647;
			files = (
				A2E9E43820245E59009537FE /* PlanetsUITests.swift in Sources */,
			);
			runOnlyForDeploymentPostprocessing = 0;
		};
/* End PBXSourcesBuildPhase section */

/* Begin PBXTargetDependency section */
		A2E9E42A20245E59009537FE /* PBXTargetDependency */ = {
			isa = PBXTargetDependency;
			target = A2E9E41120245E59009537FE /* Planets */;
			targetProxy = A2E9E42920245E59009537FE /* PBXContainerItemProxy */;
		};
		A2E9E43520245E59009537FE /* PBXTargetDependency */ = {
			isa = PBXTargetDependency;
			target = A2E9E41120245E59009537FE /* Planets */;
			targetProxy = A2E9E43420245E59009537FE /* PBXContainerItemProxy */;
		};
/* End PBXTargetDependency section */

/* Begin PBXVariantGroup section */
		A2E9E41B20245E59009537FE /* Main.storyboard */ = {
			isa = PBXVariantGroup;
			children = (
				A2E9E41C20245E59009537FE /* Base */,
			);
			name = Main.storyboard;
			sourceTree = "<group>";
		};
		A2E9E42020245E59009537FE /* LaunchScreen.storyboard */ = {
			isa = PBXVariantGroup;
			children = (
				A2E9E42120245E59009537FE /* Base */,
			);
			name = LaunchScreen.storyboard;
			sourceTree = "<group>";
		};
/* End PBXVariantGroup section */

/* Begin XCBuildConfiguration section */
		A2E9E43A20245E59009537FE /* Debug */ = {
			isa = XCBuildConfiguration;
			buildSettings = {
				ALWAYS_SEARCH_USER_PATHS = NO;
				CLANG_ANALYZER_NONNULL = YES;
				CLANG_ANALYZER_NUMBER_OBJECT_CONVERSION = YES_AGGRESSIVE;
				CLANG_CXX_LANGUAGE_STANDARD = "gnu++14";
				CLANG_CXX_LIBRARY = "libc++";
				CLANG_ENABLE_MODULES = YES;
				CLANG_ENABLE_OBJC_ARC = YES;
				CLANG_WARN_BLOCK_CAPTURE_AUTORELEASING = YES;
				CLANG_WARN_BOOL_CONVERSION = YES;
				CLANG_WARN_COMMA = YES;
				CLANG_WARN_CONSTANT_CONVERSION = YES;
				CLANG_WARN_DIRECT_OBJC_ISA_USAGE = YES_ERROR;
				CLANG_WARN_DOCUMENTATION_COMMENTS = YES;
				CLANG_WARN_EMPTY_BODY = YES;
				CLANG_WARN_ENUM_CONVERSION = YES;
				CLANG_WARN_INFINITE_RECURSION = YES;
				CLANG_WARN_INT_CONVERSION = YES;
				CLANG_WARN_NON_LITERAL_NULL_CONVERSION = YES;
				CLANG_WARN_OBJC_LITERAL_CONVERSION = YES;
				CLANG_WARN_OBJC_ROOT_CLASS = YES_ERROR;
				CLANG_WARN_RANGE_LOOP_ANALYSIS = YES;
				CLANG_WARN_STRICT_PROTOTYPES = YES;
				CLANG_WARN_SUSPICIOUS_MOVE = YES;
				CLANG_WARN_UNGUARDED_AVAILABILITY = YES_AGGRESSIVE;
				CLANG_WARN_UNREACHABLE_CODE = YES;
				CLANG_WARN__DUPLICATE_METHOD_MATCH = YES;
				CODE_SIGN_IDENTITY = "iPhone Developer";
				COPY_PHASE_STRIP = NO;
				DEBUG_INFORMATION_FORMAT = dwarf;
				ENABLE_STRICT_OBJC_MSGSEND = YES;
				ENABLE_TESTABILITY = YES;
				GCC_C_LANGUAGE_STANDARD = gnu11;
				GCC_DYNAMIC_NO_PIC = NO;
				GCC_NO_COMMON_BLOCKS = YES;
				GCC_OPTIMIZATION_LEVEL = 0;
				GCC_PREPROCESSOR_DEFINITIONS = (
					"DEBUG=1",
					"$(inherited)",
				);
				GCC_WARN_64_TO_32_BIT_CONVERSION = YES;
				GCC_WARN_ABOUT_RETURN_TYPE = YES_ERROR;
				GCC_WARN_UNDECLARED_SELECTOR = YES;
				GCC_WARN_UNINITIALIZED_AUTOS = YES_AGGRESSIVE;
				GCC_WARN_UNUSED_FUNCTION = YES;
				GCC_WARN_UNUSED_VARIABLE = YES;
				IPHONEOS_DEPLOYMENT_TARGET = 11.2;
				MTL_ENABLE_DEBUG_INFO = YES;
				ONLY_ACTIVE_ARCH = YES;
				SDKROOT = iphoneos;
				SWIFT_ACTIVE_COMPILATION_CONDITIONS = DEBUG;
				SWIFT_OPTIMIZATION_LEVEL = "-Onone";
			};
			name = Debug;
		};
		A2E9E43B20245E59009537FE /* Release */ = {
			isa = XCBuildConfiguration;
			buildSettings = {
				ALWAYS_SEARCH_USER_PATHS = NO;
				CLANG_ANALYZER_NONNULL = YES;
				CLANG_ANALYZER_NUMBER_OBJECT_CONVERSION = YES_AGGRESSIVE;
				CLANG_CXX_LANGUAGE_STANDARD = "gnu++14";
				CLANG_CXX_LIBRARY = "libc++";
				CLANG_ENABLE_MODULES = YES;
				CLANG_ENABLE_OBJC_ARC = YES;
				CLANG_WARN_BLOCK_CAPTURE_AUTORELEASING = YES;
				CLANG_WARN_BOOL_CONVERSION = YES;
				CLANG_WARN_COMMA = YES;
				CLANG_WARN_CONSTANT_CONVERSION = YES;
				CLANG_WARN_DIRECT_OBJC_ISA_USAGE = YES_ERROR;
				CLANG_WARN_DOCUMENTATION_COMMENTS = YES;
				CLANG_WARN_EMPTY_BODY = YES;
				CLANG_WARN_ENUM_CONVERSION = YES;
				CLANG_WARN_INFINITE_RECURSION = YES;
				CLANG_WARN_INT_CONVERSION = YES;
				CLANG_WARN_NON_LITERAL_NULL_CONVERSION = YES;
				CLANG_WARN_OBJC_LITERAL_CONVERSION = YES;
				CLANG_WARN_OBJC_ROOT_CLASS = YES_ERROR;
				CLANG_WARN_RANGE_LOOP_ANALYSIS = YES;
				CLANG_WARN_STRICT_PROTOTYPES = YES;
				CLANG_WARN_SUSPICIOUS_MOVE = YES;
				CLANG_WARN_UNGUARDED_AVAILABILITY = YES_AGGRESSIVE;
				CLANG_WARN_UNREACHABLE_CODE = YES;
				CLANG_WARN__DUPLICATE_METHOD_MATCH = YES;
				CODE_SIGN_IDENTITY = "iPhone Developer";
				COPY_PHASE_STRIP = NO;
				DEBUG_INFORMATION_FORMAT = "dwarf-with-dsym";
				ENABLE_NS_ASSERTIONS = NO;
				ENABLE_STRICT_OBJC_MSGSEND = YES;
				GCC_C_LANGUAGE_STANDARD = gnu11;
				GCC_NO_COMMON_BLOCKS = YES;
				GCC_WARN_64_TO_32_BIT_CONVERSION = YES;
				GCC_WARN_ABOUT_RETURN_TYPE = YES_ERROR;
				GCC_WARN_UNDECLARED_SELECTOR = YES;
				GCC_WARN_UNINITIALIZED_AUTOS = YES_AGGRESSIVE;
				GCC_WARN_UNUSED_FUNCTION = YES;
				GCC_WARN_UNUSED_VARIABLE = YES;
				IPHONEOS_DEPLOYMENT_TARGET = 11.2;
				MTL_ENABLE_DEBUG_INFO = NO;
				SDKROOT = iphoneos;
				SWIFT_OPTIMIZATION_LEVEL = "-Owholemodule";
				VALIDATE_PRODUCT = YES;
			};
			name = Release;
		};
		A2E9E43D20245E59009537FE /* Debug */ = {
			isa = XCBuildConfiguration;
			buildSettings = {
				ASSETCATALOG_COMPILER_APPICON_NAME = AppIcon;
				CODE_SIGN_STYLE = Automatic;
				DEVELOPMENT_TEAM = 6K5L77M2HV;
				INFOPLIST_FILE = Planets/Info.plist;
				LD_RUNPATH_SEARCH_PATHS = "$(inherited) @executable_path/Frameworks";
				PRODUCT_BUNDLE_IDENTIFIER = KA32.Planets;
				PRODUCT_NAME = "$(TARGET_NAME)";
				SWIFT_VERSION = 4.0;
				TARGETED_DEVICE_FAMILY = "1,2";
			};
			name = Debug;
		};
		A2E9E43E20245E59009537FE /* Release */ = {
			isa = XCBuildConfiguration;
			buildSettings = {
				ASSETCATALOG_COMPILER_APPICON_NAME = AppIcon;
				CODE_SIGN_STYLE = Automatic;
				DEVELOPMENT_TEAM = 6K5L77M2HV;
				INFOPLIST_FILE = Planets/Info.plist;
				LD_RUNPATH_SEARCH_PATHS = "$(inherited) @executable_path/Frameworks";
				PRODUCT_BUNDLE_IDENTIFIER = KA32.Planets;
				PRODUCT_NAME = "$(TARGET_NAME)";
				SWIFT_VERSION = 4.0;
				TARGETED_DEVICE_FAMILY = "1,2";
			};
			name = Release;
		};
		A2E9E44020245E59009537FE /* Debug */ = {
			isa = XCBuildConfiguration;
			buildSettings = {
				ALWAYS_EMBED_SWIFT_STANDARD_LIBRARIES = YES;
				BUNDLE_LOADER = "$(TEST_HOST)";
				CODE_SIGN_STYLE = Automatic;
				DEVELOPMENT_TEAM = 6K5L77M2HV;
				INFOPLIST_FILE = PlanetsTests/Info.plist;
				LD_RUNPATH_SEARCH_PATHS = "$(inherited) @executable_path/Frameworks @loader_path/Frameworks";
				PRODUCT_BUNDLE_IDENTIFIER = KA32.PlanetsTests;
				PRODUCT_NAME = "$(TARGET_NAME)";
				SWIFT_VERSION = 4.0;
				TARGETED_DEVICE_FAMILY = "1,2";
				TEST_HOST = "$(BUILT_PRODUCTS_DIR)/Planets.app/Planets";
			};
			name = Debug;
		};
		A2E9E44120245E59009537FE /* Release */ = {
			isa = XCBuildConfiguration;
			buildSettings = {
				ALWAYS_EMBED_SWIFT_STANDARD_LIBRARIES = YES;
				BUNDLE_LOADER = "$(TEST_HOST)";
				CODE_SIGN_STYLE = Automatic;
				DEVELOPMENT_TEAM = 6K5L77M2HV;
				INFOPLIST_FILE = PlanetsTests/Info.plist;
				LD_RUNPATH_SEARCH_PATHS = "$(inherited) @executable_path/Frameworks @loader_path/Frameworks";
				PRODUCT_BUNDLE_IDENTIFIER = KA32.PlanetsTests;
				PRODUCT_NAME = "$(TARGET_NAME)";
				SWIFT_VERSION = 4.0;
				TARGETED_DEVICE_FAMILY = "1,2";
				TEST_HOST = "$(BUILT_PRODUCTS_DIR)/Planets.app/Planets";
			};
			name = Release;
		};
		A2E9E44320245E59009537FE /* Debug */ = {
			isa = XCBuildConfiguration;
			buildSettings = {
				ALWAYS_EMBED_SWIFT_STANDARD_LIBRARIES = YES;
				CODE_SIGN_STYLE = Automatic;
				DEVELOPMENT_TEAM = 6K5L77M2HV;
				INFOPLIST_FILE = PlanetsUITests/Info.plist;
				LD_RUNPATH_SEARCH_PATHS = "$(inherited) @executable_path/Frameworks @loader_path/Frameworks";
				PRODUCT_BUNDLE_IDENTIFIER = KA32.PlanetsUITests;
				PRODUCT_NAME = "$(TARGET_NAME)";
				SWIFT_VERSION = 4.0;
				TARGETED_DEVICE_FAMILY = "1,2";
				TEST_TARGET_NAME = Planets;
			};
			name = Debug;
		};
		A2E9E44420245E59009537FE /* Release */ = {
			isa = XCBuildConfiguration;
			buildSettings = {
				ALWAYS_EMBED_SWIFT_STANDARD_LIBRARIES = YES;
				CODE_SIGN_STYLE = Automatic;
				DEVELOPMENT_TEAM = 6K5L77M2HV;
				INFOPLIST_FILE = PlanetsUITests/Info.plist;
				LD_RUNPATH_SEARCH_PATHS = "$(inherited) @executable_path/Frameworks @loader_path/Frameworks";
				PRODUCT_BUNDLE_IDENTIFIER = KA32.PlanetsUITests;
				PRODUCT_NAME = "$(TARGET_NAME)";
				SWIFT_VERSION = 4.0;
				TARGETED_DEVICE_FAMILY = "1,2";
				TEST_TARGET_NAME = Planets;
			};
			name = Release;
		};
/* End XCBuildConfiguration section */

/* Begin XCConfigurationList section */
		A2E9E40D20245E59009537FE /* Build configuration list for PBXProject "Planets" */ = {
			isa = XCConfigurationList;
			buildConfigurations = (
				A2E9E43A20245E59009537FE /* Debug */,
				A2E9E43B20245E59009537FE /* Release */,
			);
			defaultConfigurationIsVisible = 0;
			defaultConfigurationName = Release;
		};
		A2E9E43C20245E59009537FE /* Build configuration list for PBXNativeTarget "Planets" */ = {
			isa = XCConfigurationList;
			buildConfigurations = (
				A2E9E43D20245E59009537FE /* Debug */,
				A2E9E43E20245E59009537FE /* Release */,
			);
			defaultConfigurationIsVisible = 0;
			defaultConfigurationName = Release;
		};
		A2E9E43F20245E59009537FE /* Build configuration list for PBXNativeTarget "PlanetsTests" */ = {
			isa = XCConfigurationList;
			buildConfigurations = (
				A2E9E44020245E59009537FE /* Debug */,
				A2E9E44120245E59009537FE /* Release */,
			);
			defaultConfigurationIsVisible = 0;
			defaultConfigurationName = Release;
		};
		A2E9E44220245E59009537FE /* Build configuration list for PBXNativeTarget "PlanetsUITests" */ = {
			isa = XCConfigurationList;
			buildConfigurations = (
				A2E9E44320245E59009537FE /* Debug */,
				A2E9E44420245E59009537FE /* Release */,
			);
			defaultConfigurationIsVisible = 0;
			defaultConfigurationName = Release;
		};
/* End XCConfigurationList section */
	};
	rootObject = A2E9E40A20245E59009537FE /* Project object */;
}
